// !$*UTF8*$!
{
	archiveVersion = 1;
	classes = {
	};
	objectVersion = 50;
	objects = {

/* Begin PBXBuildFile section */
		01498F9C228EE49A003F4A25 /* AppIcon.iconset in Resources */ = {isa = PBXBuildFile; fileRef = 01498F9B228EE49A003F4A25 /* AppIcon.iconset */; };
		01B7E6E9228CC389001C08EC /* AppDelegate.m in Sources */ = {isa = PBXBuildFile; fileRef = 01B7E6E8228CC389001C08EC /* AppDelegate.m */; };
		01B7E6EB228CC389001C08EC /* Assets.xcassets in Resources */ = {isa = PBXBuildFile; fileRef = 01B7E6EA228CC389001C08EC /* Assets.xcassets */; };
		01B7E6EE228CC389001C08EC /* MainMenu.xib in Resources */ = {isa = PBXBuildFile; fileRef = 01B7E6EC228CC389001C08EC /* MainMenu.xib */; };
		01B7E6F1228CC38A001C08EC /* main.m in Sources */ = {isa = PBXBuildFile; fileRef = 01B7E6F0228CC38A001C08EC /* main.m */; };
/* End PBXBuildFile section */

/* Begin PBXFileReference section */
		01498F9B228EE49A003F4A25 /* AppIcon.iconset */ = {isa = PBXFileReference; lastKnownFileType = folder.iconset; path = AppIcon.iconset; sourceTree = "<group>"; };
		01B7E6E4228CC389001C08EC /* Micro Stream Player.app */ = {isa = PBXFileReference; explicitFileType = wrapper.application; includeInIndex = 0; path = "Micro Stream Player.app"; sourceTree = BUILT_PRODUCTS_DIR; };
		01B7E6E7228CC389001C08EC /* AppDelegate.h */ = {isa = PBXFileReference; lastKnownFileType = sourcecode.c.h; path = AppDelegate.h; sourceTree = "<group>"; };
		01B7E6E8228CC389001C08EC /* AppDelegate.m */ = {isa = PBXFileReference; lastKnownFileType = sourcecode.c.objc; path = AppDelegate.m; sourceTree = "<group>"; };
		01B7E6EA228CC389001C08EC /* Assets.xcassets */ = {isa = PBXFileReference; lastKnownFileType = folder.assetcatalog; path = Assets.xcassets; sourceTree = "<group>"; };
		01B7E6ED228CC389001C08EC /* Base */ = {isa = PBXFileReference; lastKnownFileType = file.xib; name = Base; path = Base.lproj/MainMenu.xib; sourceTree = "<group>"; };
		01B7E6EF228CC389001C08EC /* Info.plist */ = {isa = PBXFileReference; lastKnownFileType = text.plist.xml; path = Info.plist; sourceTree = "<group>"; };
		01B7E6F0228CC38A001C08EC /* main.m */ = {isa = PBXFileReference; lastKnownFileType = sourcecode.c.objc; path = main.m; sourceTree = "<group>"; };
		01B7E6F2228CC38A001C08EC /* MicroStreamPlayer.entitlements */ = {isa = PBXFileReference; lastKnownFileType = text.plist.entitlements; path = MicroStreamPlayer.entitlements; sourceTree = "<group>"; };
/* End PBXFileReference section */

/* Begin PBXFrameworksBuildPhase section */
		01B7E6E1228CC389001C08EC /* Frameworks */ = {
			isa = PBXFrameworksBuildPhase;
			buildActionMask = 2147483647;
			files = (
			);
			runOnlyForDeploymentPostprocessing = 0;
		};
/* End PBXFrameworksBuildPhase section */

/* Begin PBXGroup section */
		01B7E6DB228CC389001C08EC = {
			isa = PBXGroup;
			children = (
				01B7E6E6228CC389001C08EC /* MicroStreamPlayer */,
				01B7E6E5228CC389001C08EC /* Products */,
			);
			sourceTree = "<group>";
		};
		01B7E6E5228CC389001C08EC /* Products */ = {
			isa = PBXGroup;
			children = (
				01B7E6E4228CC389001C08EC /* Micro Stream Player.app */,
			);
			name = Products;
			sourceTree = "<group>";
		};
		01B7E6E6228CC389001C08EC /* MicroStreamPlayer */ = {
			isa = PBXGroup;
			children = (
				01498F9B228EE49A003F4A25 /* AppIcon.iconset */,
				01B7E6E7228CC389001C08EC /* AppDelegate.h */,
				01B7E6E8228CC389001C08EC /* AppDelegate.m */,
				01B7E6EA228CC389001C08EC /* Assets.xcassets */,
				01B7E6EC228CC389001C08EC /* MainMenu.xib */,
				01B7E6EF228CC389001C08EC /* Info.plist */,
				01B7E6F0228CC38A001C08EC /* main.m */,
				01B7E6F2228CC38A001C08EC /* MicroStreamPlayer.entitlements */,
			);
			path = MicroStreamPlayer;
			sourceTree = "<group>";
		};
/* End PBXGroup section */

/* Begin PBXNativeTarget section */
		01B7E6E3228CC389001C08EC /* Micro Stream Player */ = {
			isa = PBXNativeTarget;
			buildConfigurationList = 01B7E6F5228CC38A001C08EC /* Build configuration list for PBXNativeTarget "Micro Stream Player" */;
			buildPhases = (
				01B7E6E0228CC389001C08EC /* Sources */,
				01B7E6E1228CC389001C08EC /* Frameworks */,
				01B7E6E2228CC389001C08EC /* Resources */,
			);
			buildRules = (
			);
			dependencies = (
			);
			name = "Micro Stream Player";
			productName = "Micro Stream Player";
			productReference = 01B7E6E4228CC389001C08EC /* Micro Stream Player.app */;
			productType = "com.apple.product-type.application";
		};
/* End PBXNativeTarget section */

/* Begin PBXProject section */
		01B7E6DC228CC389001C08EC /* Project object */ = {
			isa = PBXProject;
			attributes = {
				LastUpgradeCheck = 1200;
				ORGANIZATIONNAME = "Nick Korotysh";
				TargetAttributes = {
					01B7E6E3228CC389001C08EC = {
						CreatedOnToolsVersion = 10.2.1;
						SystemCapabilities = {
							com.apple.Sandbox = {
								enabled = 1;
							};
						};
					};
				};
			};
			buildConfigurationList = 01B7E6DF228CC389001C08EC /* Build configuration list for PBXProject "MicroStreamPlayer" */;
			compatibilityVersion = "Xcode 9.3";
			developmentRegion = en;
			hasScannedForEncodings = 0;
			knownRegions = (
				en,
				Base,
			);
			mainGroup = 01B7E6DB228CC389001C08EC;
			productRefGroup = 01B7E6E5228CC389001C08EC /* Products */;
			projectDirPath = "";
			projectRoot = "";
			targets = (
				01B7E6E3228CC389001C08EC /* Micro Stream Player */,
			);
		};
/* End PBXProject section */

/* Begin PBXResourcesBuildPhase section */
		01B7E6E2228CC389001C08EC /* Resources */ = {
			isa = PBXResourcesBuildPhase;
			buildActionMask = 2147483647;
			files = (
				01B7E6EB228CC389001C08EC /* Assets.xcassets in Resources */,
				01B7E6EE228CC389001C08EC /* MainMenu.xib in Resources */,
				01498F9C228EE49A003F4A25 /* AppIcon.iconset in Resources */,
			);
			runOnlyForDeploymentPostprocessing = 0;
		};
/* End PBXResourcesBuildPhase section */

/* Begin PBXSourcesBuildPhase section */
		01B7E6E0228CC389001C08EC /* Sources */ = {
			isa = PBXSourcesBuildPhase;
			buildActionMask = 2147483647;
			files = (
				01B7E6F1228CC38A001C08EC /* main.m in Sources */,
				01B7E6E9228CC389001C08EC /* AppDelegate.m in Sources */,
			);
			runOnlyForDeploymentPostprocessing = 0;
		};
/* End PBXSourcesBuildPhase section */

/* Begin PBXVariantGroup section */
		01B7E6EC228CC389001C08EC /* MainMenu.xib */ = {
			isa = PBXVariantGroup;
			children = (
				01B7E6ED228CC389001C08EC /* Base */,
			);
			name = MainMenu.xib;
			sourceTree = "<group>";
		};
/* End PBXVariantGroup section */

/* Begin XCBuildConfiguration section */
		01B7E6F3228CC38A001C08EC /* Debug */ = {
			isa = XCBuildConfiguration;
			buildSettings = {
				ALWAYS_SEARCH_USER_PATHS = NO;
				CLANG_ANALYZER_NONNULL = YES;
				CLANG_ANALYZER_NUMBER_OBJECT_CONVERSION = YES_AGGRESSIVE;
				CLANG_CXX_LANGUAGE_STANDARD = "gnu++14";
				CLANG_CXX_LIBRARY = "libc++";
				CLANG_ENABLE_MODULES = YES;
				CLANG_ENABLE_OBJC_ARC = YES;
				CLANG_ENABLE_OBJC_WEAK = YES;
				CLANG_WARN_BLOCK_CAPTURE_AUTORELEASING = YES;
				CLANG_WARN_BOOL_CONVERSION = YES;
				CLANG_WARN_COMMA = YES;
				CLANG_WARN_CONSTANT_CONVERSION = YES;
				CLANG_WARN_DEPRECATED_OBJC_IMPLEMENTATIONS = YES;
				CLANG_WARN_DIRECT_OBJC_ISA_USAGE = YES_ERROR;
				CLANG_WARN_DOCUMENTATION_COMMENTS = YES;
				CLANG_WARN_EMPTY_BODY = YES;
				CLANG_WARN_ENUM_CONVERSION = YES;
				CLANG_WARN_INFINITE_RECURSION = YES;
				CLANG_WARN_INT_CONVERSION = YES;
				CLANG_WARN_NON_LITERAL_NULL_CONVERSION = YES;
				CLANG_WARN_OBJC_IMPLICIT_RETAIN_SELF = YES;
				CLANG_WARN_OBJC_LITERAL_CONVERSION = YES;
				CLANG_WARN_OBJC_ROOT_CLASS = YES_ERROR;
				CLANG_WARN_QUOTED_INCLUDE_IN_FRAMEWORK_HEADER = YES;
				CLANG_WARN_RANGE_LOOP_ANALYSIS = YES;
				CLANG_WARN_STRICT_PROTOTYPES = YES;
				CLANG_WARN_SUSPICIOUS_MOVE = YES;
				CLANG_WARN_UNGUARDED_AVAILABILITY = YES_AGGRESSIVE;
				CLANG_WARN_UNREACHABLE_CODE = YES;
				CLANG_WARN__DUPLICATE_METHOD_MATCH = YES;
				CODE_SIGN_IDENTITY = "-";
				COPY_PHASE_STRIP = NO;
				DEBUG_INFORMATION_FORMAT = dwarf;
				ENABLE_STRICT_OBJC_MSGSEND = YES;
				ENABLE_TESTABILITY = YES;
				GCC_C_LANGUAGE_STANDARD = gnu11;
				GCC_DYNAMIC_NO_PIC = NO;
				GCC_NO_COMMON_BLOCKS = YES;
				GCC_OPTIMIZATION_LEVEL = 0;
				GCC_PREPROCESSOR_DEFINITIONS = (
					"DEBUG=1",
					"$(inherited)",
				);
				GCC_WARN_64_TO_32_BIT_CONVERSION = YES;
				GCC_WARN_ABOUT_RETURN_TYPE = YES_ERROR;
				GCC_WARN_UNDECLARED_SELECTOR = YES;
				GCC_WARN_UNINITIALIZED_AUTOS = YES_AGGRESSIVE;
				GCC_WARN_UNUSED_FUNCTION = YES;
				GCC_WARN_UNUSED_VARIABLE = YES;
				MACOSX_DEPLOYMENT_TARGET = 10.12;
				MTL_ENABLE_DEBUG_INFO = INCLUDE_SOURCE;
				MTL_FAST_MATH = YES;
				ONLY_ACTIVE_ARCH = YES;
				SDKROOT = macosx;
			};
			name = Debug;
		};
		01B7E6F4228CC38A001C08EC /* Release */ = {
			isa = XCBuildConfiguration;
			buildSettings = {
				ALWAYS_SEARCH_USER_PATHS = NO;
				CLANG_ANALYZER_NONNULL = YES;
				CLANG_ANALYZER_NUMBER_OBJECT_CONVERSION = YES_AGGRESSIVE;
				CLANG_CXX_LANGUAGE_STANDARD = "gnu++14";
				CLANG_CXX_LIBRARY = "libc++";
				CLANG_ENABLE_MODULES = YES;
				CLANG_ENABLE_OBJC_ARC = YES;
				CLANG_ENABLE_OBJC_WEAK = YES;
				CLANG_WARN_BLOCK_CAPTURE_AUTORELEASING = YES;
				CLANG_WARN_BOOL_CONVERSION = YES;
				CLANG_WARN_COMMA = YES;
				CLANG_WARN_CONSTANT_CONVERSION = YES;
				CLANG_WARN_DEPRECATED_OBJC_IMPLEMENTATIONS = YES;
				CLANG_WARN_DIRECT_OBJC_ISA_USAGE = YES_ERROR;
				CLANG_WARN_DOCUMENTATION_COMMENTS = YES;
				CLANG_WARN_EMPTY_BODY = YES;
				CLANG_WARN_ENUM_CONVERSION = YES;
				CLANG_WARN_INFINITE_RECURSION = YES;
				CLANG_WARN_INT_CONVERSION = YES;
				CLANG_WARN_NON_LITERAL_NULL_CONVERSION = YES;
				CLANG_WARN_OBJC_IMPLICIT_RETAIN_SELF = YES;
				CLANG_WARN_OBJC_LITERAL_CONVERSION = YES;
				CLANG_WARN_OBJC_ROOT_CLASS = YES_ERROR;
				CLANG_WARN_QUOTED_INCLUDE_IN_FRAMEWORK_HEADER = YES;
				CLANG_WARN_RANGE_LOOP_ANALYSIS = YES;
				CLANG_WARN_STRICT_PROTOTYPES = YES;
				CLANG_WARN_SUSPICIOUS_MOVE = YES;
				CLANG_WARN_UNGUARDED_AVAILABILITY = YES_AGGRESSIVE;
				CLANG_WARN_UNREACHABLE_CODE = YES;
				CLANG_WARN__DUPLICATE_METHOD_MATCH = YES;
				CODE_SIGN_IDENTITY = "-";
				COPY_PHASE_STRIP = NO;
				DEBUG_INFORMATION_FORMAT = "dwarf-with-dsym";
				ENABLE_NS_ASSERTIONS = NO;
				ENABLE_STRICT_OBJC_MSGSEND = YES;
				GCC_C_LANGUAGE_STANDARD = gnu11;
				GCC_NO_COMMON_BLOCKS = YES;
				GCC_WARN_64_TO_32_BIT_CONVERSION = YES;
				GCC_WARN_ABOUT_RETURN_TYPE = YES_ERROR;
				GCC_WARN_UNDECLARED_SELECTOR = YES;
				GCC_WARN_UNINITIALIZED_AUTOS = YES_AGGRESSIVE;
				GCC_WARN_UNUSED_FUNCTION = YES;
				GCC_WARN_UNUSED_VARIABLE = YES;
				MACOSX_DEPLOYMENT_TARGET = 10.12;
				MTL_ENABLE_DEBUG_INFO = NO;
				MTL_FAST_MATH = YES;
				SDKROOT = macosx;
			};
			name = Release;
		};
		01B7E6F6228CC38A001C08EC /* Debug */ = {
			isa = XCBuildConfiguration;
			buildSettings = {
				CODE_SIGN_ENTITLEMENTS = MicroStreamPlayer/MicroStreamPlayer.entitlements;
				CODE_SIGN_IDENTITY = "-";
				CODE_SIGN_STYLE = Automatic;
				COMBINE_HIDPI_IMAGES = YES;
				CURRENT_PROJECT_VERSION = 82;
				INFOPLIST_FILE = MicroStreamPlayer/Info.plist;
				LD_RUNPATH_SEARCH_PATHS = (
					"$(inherited)",
					"@executable_path/../Frameworks",
				);
				MARKETING_VERSION = 1.1.2;
				PRODUCT_BUNDLE_IDENTIFIER = io.github.kolcha.MicroStreamPlayer;
				PRODUCT_NAME = "$(TARGET_NAME)";
			};
			name = Debug;
		};
		01B7E6F7228CC38A001C08EC /* Release */ = {
			isa = XCBuildConfiguration;
			buildSettings = {
				CODE_SIGN_ENTITLEMENTS = MicroStreamPlayer/MicroStreamPlayer.entitlements;
				CODE_SIGN_IDENTITY = "-";
				CODE_SIGN_STYLE = Automatic;
				COMBINE_HIDPI_IMAGES = YES;
				CURRENT_PROJECT_VERSION = 82;
				INFOPLIST_FILE = MicroStreamPlayer/Info.plist;
				LD_RUNPATH_SEARCH_PATHS = (
					"$(inherited)",
					"@executable_path/../Frameworks",
				);
				MARKETING_VERSION = 1.1.2;
				PRODUCT_BUNDLE_IDENTIFIER = io.github.kolcha.MicroStreamPlayer;
				PRODUCT_NAME = "$(TARGET_NAME)";
			};
			name = Release;
		};
/* End XCBuildConfiguration section */

/* Begin XCConfigurationList section */
		01B7E6DF228CC389001C08EC /* Build configuration list for PBXProject "MicroStreamPlayer" */ = {
			isa = XCConfigurationList;
			buildConfigurations = (
				01B7E6F3228CC38A001C08EC /* Debug */,
				01B7E6F4228CC38A001C08EC /* Release */,
			);
			defaultConfigurationIsVisible = 0;
			defaultConfigurationName = Release;
		};
		01B7E6F5228CC38A001C08EC /* Build configuration list for PBXNativeTarget "Micro Stream Player" */ = {
			isa = XCConfigurationList;
			buildConfigurations = (
				01B7E6F6228CC38A001C08EC /* Debug */,
				01B7E6F7228CC38A001C08EC /* Release */,
			);
			defaultConfigurationIsVisible = 0;
			defaultConfigurationName = Release;
		};
/* End XCConfigurationList section */
	};
	rootObject = 01B7E6DC228CC389001C08EC /* Project object */;
}
